
Microsoft Visual Studio Solution File, Format Version 12.00
# Visual Studio Version 17
VisualStudioVersion = 17.7.34202.233
MinimumVisualStudioVersion = 10.0.40219.1
Project("{FAE04EC0-301F-11D3-BF4B-00C04F79EFBC}") = "1024", "1024\1024.csproj", "{6271E06C-80B1-48A2-BD13-FB59F2830BAE}"
EndProject
Global
	GlobalSection(SolutionConfigurationPlatforms) = preSolution
		Debug|Any CPU = Debug|Any CPU
		Release|Any CPU = Release|Any CPU
	EndGlobalSection
	GlobalSection(ProjectConfigurationPlatforms) = postSolution
		{6271E06C-80B1-48A2-BD13-FB59F2830BAE}.Debug|Any CPU.ActiveCfg = Debug|Any CPU
		{6271E06C-80B1-48A2-BD13-FB59F2830BAE}.Debug|Any CPU.Build.0 = Debug|Any CPU
		{6271E06C-80B1-48A2-BD13-FB59F2830BAE}.Release|Any CPU.ActiveCfg = Release|Any CPU
		{6271E06C-80B1-48A2-BD13-FB59F2830BAE}.Release|Any CPU.Build.0 = Release|Any CPU
	EndGlobalSection
	GlobalSection(SolutionProperties) = preSolution
		HideSolutionNode = FALSE
	EndGlobalSection
	GlobalSection(ExtensibilityGlobals) = postSolution
		SolutionGuid = {460359D0-E368-4616-AE44-975FDEDC16DC}
	EndGlobalSection
EndGlobal
